
Microsoft Visual Studio Solution File, Format Version 12.00
# Visual Studio Version 16
VisualStudioVersion = 16.0.30128.74
MinimumVisualStudioVersion = 10.0.40219.1
Project("{9A19103F-16F7-4668-BE54-9A1E7A4F7556}") = "WpfApp", "WpfApp\WpfApp.csproj", "{69E6951E-85E5-4EC8-858A-FDC38214E2C5}"
EndProject
Project("{9A19103F-16F7-4668-BE54-9A1E7A4F7556}") = "WpfLib", "WpfLib\WpfLib.csproj", "{4CA95D19-0458-401F-A03B-0D0767FCBC48}"
EndProject
Project("{9A19103F-16F7-4668-BE54-9A1E7A4F7556}") = "WpfLibPlayerV1", "WpfLibPlayerV1\WpfLibPlayerV1.csproj", "{CF739332-5D6C-4B1A-9781-1A41438E2D43}"
EndProject
Project("{9A19103F-16F7-4668-BE54-9A1E7A4F7556}") = "WpfLibPlayer", "WpfLibPlayer\WpfLibPlayer.csproj", "{B29F31EA-9291-4BBF-8E18-FE1A7DE73B42}"
EndProject
Project("{9A19103F-16F7-4668-BE54-9A1E7A4F7556}") = "KelpNet.CL.Common", "KelpNet\KelpNet.CL.Common\KelpNet.CL.Common.csproj", "{E038DFA7-BEF0-4C71-AE2A-11AB58741C33}"
EndProject
Project("{2150E333-8FDC-42A3-9474-1A3956D46DE8}") = "KelpNet", "KelpNet", "{2AB58B36-D4DE-4207-8774-201F1E682B92}"
EndProject
Project("{9A19103F-16F7-4668-BE54-9A1E7A4F7556}") = "KelpNet.CL.Function", "KelpNet\KelpNet.CL.Function\KelpNet.CL.Function.csproj", "{C30EFB76-E320-4591-BDAB-AA895AD174FA}"
EndProject
Project("{9A19103F-16F7-4668-BE54-9A1E7A4F7556}") = "KelpNet.CL.Function.Double", "KelpNet\KelpNet.CL.Function.Double\KelpNet.CL.Function.Double.csproj", "{722572D7-4E66-4398-8676-EB11B834AC43}"
EndProject
Project("{9A19103F-16F7-4668-BE54-9A1E7A4F7556}") = "KelpNet.Common", "KelpNet\KelpNet.Common\KelpNet.Common.csproj", "{BCB2E376-E9CC-4540-92E1-1CEE36AD3D93}"
EndProject
Project("{9A19103F-16F7-4668-BE54-9A1E7A4F7556}") = "KelpNet.Function", "KelpNet\KelpNet.Function\KelpNet.Function.csproj", "{53BD98C2-FD74-4145-84D2-4370B0DDAC54}"
EndProject
Project("{9A19103F-16F7-4668-BE54-9A1E7A4F7556}") = "KelpNet.Function.Double", "KelpNet\KelpNet.Function.Double\KelpNet.Function.Double.csproj", "{ED537E2D-5ABA-48AE-8330-3534DE419E5B}"
EndProject
Project("{9A19103F-16F7-4668-BE54-9A1E7A4F7556}") = "KelpNet.Tools", "KelpNet\KelpNet.Tools\KelpNet.Tools.csproj", "{5A769817-A540-4362-A3C9-DF0BA731B2D3}"
EndProject
Project("{9A19103F-16F7-4668-BE54-9A1E7A4F7556}") = "KelpNet.Tools.Double", "KelpNet\KelpNet.Tools.Double\KelpNet.Tools.Double.csproj", "{0ACA481C-2258-4E8D-8B06-54030116E8A2}"
EndProject
Project("{FAE04EC0-301F-11D3-BF4B-00C04F79EFBC}") = "KelpNet.Sample", "KelpNet\KelpNet.Sample\KelpNet.Sample.csproj", "{0154BF47-BDAB-4C55-B014-C67A4BE09D13}"
EndProject
Global
	GlobalSection(SolutionConfigurationPlatforms) = preSolution
		Debug|Any CPU = Debug|Any CPU
		Release|Any CPU = Release|Any CPU
	EndGlobalSection
	GlobalSection(ProjectConfigurationPlatforms) = postSolution
		{69E6951E-85E5-4EC8-858A-FDC38214E2C5}.Debug|Any CPU.ActiveCfg = Debug|Any CPU
		{69E6951E-85E5-4EC8-858A-FDC38214E2C5}.Debug|Any CPU.Build.0 = Debug|Any CPU
		{69E6951E-85E5-4EC8-858A-FDC38214E2C5}.Release|Any CPU.ActiveCfg = Release|Any CPU
		{69E6951E-85E5-4EC8-858A-FDC38214E2C5}.Release|Any CPU.Build.0 = Release|Any CPU
		{4CA95D19-0458-401F-A03B-0D0767FCBC48}.Debug|Any CPU.ActiveCfg = Debug|Any CPU
		{4CA95D19-0458-401F-A03B-0D0767FCBC48}.Debug|Any CPU.Build.0 = Debug|Any CPU
		{4CA95D19-0458-401F-A03B-0D0767FCBC48}.Release|Any CPU.ActiveCfg = Release|Any CPU
		{4CA95D19-0458-401F-A03B-0D0767FCBC48}.Release|Any CPU.Build.0 = Release|Any CPU
		{CF739332-5D6C-4B1A-9781-1A41438E2D43}.Debug|Any CPU.ActiveCfg = Debug|Any CPU
		{CF739332-5D6C-4B1A-9781-1A41438E2D43}.Debug|Any CPU.Build.0 = Debug|Any CPU
		{CF739332-5D6C-4B1A-9781-1A41438E2D43}.Release|Any CPU.ActiveCfg = Release|Any CPU
		{CF739332-5D6C-4B1A-9781-1A41438E2D43}.Release|Any CPU.Build.0 = Release|Any CPU
		{B29F31EA-9291-4BBF-8E18-FE1A7DE73B42}.Debug|Any CPU.ActiveCfg = Debug|Any CPU
		{B29F31EA-9291-4BBF-8E18-FE1A7DE73B42}.Debug|Any CPU.Build.0 = Debug|Any CPU
		{B29F31EA-9291-4BBF-8E18-FE1A7DE73B42}.Release|Any CPU.ActiveCfg = Release|Any CPU
		{B29F31EA-9291-4BBF-8E18-FE1A7DE73B42}.Release|Any CPU.Build.0 = Release|Any CPU
		{E038DFA7-BEF0-4C71-AE2A-11AB58741C33}.Debug|Any CPU.ActiveCfg = Debug|Any CPU
		{E038DFA7-BEF0-4C71-AE2A-11AB58741C33}.Debug|Any CPU.Build.0 = Debug|Any CPU
		{E038DFA7-BEF0-4C71-AE2A-11AB58741C33}.Release|Any CPU.ActiveCfg = Release|Any CPU
		{E038DFA7-BEF0-4C71-AE2A-11AB58741C33}.Release|Any CPU.Build.0 = Release|Any CPU
		{C30EFB76-E320-4591-BDAB-AA895AD174FA}.Debug|Any CPU.ActiveCfg = Debug|Any CPU
		{C30EFB76-E320-4591-BDAB-AA895AD174FA}.Debug|Any CPU.Build.0 = Debug|Any CPU
		{C30EFB76-E320-4591-BDAB-AA895AD174FA}.Release|Any CPU.ActiveCfg = Release|Any CPU
		{C30EFB76-E320-4591-BDAB-AA895AD174FA}.Release|Any CPU.Build.0 = Release|Any CPU
		{722572D7-4E66-4398-8676-EB11B834AC43}.Debug|Any CPU.ActiveCfg = Debug|Any CPU
		{722572D7-4E66-4398-8676-EB11B834AC43}.Debug|Any CPU.Build.0 = Debug|Any CPU
		{722572D7-4E66-4398-8676-EB11B834AC43}.Release|Any CPU.ActiveCfg = Release|Any CPU
		{722572D7-4E66-4398-8676-EB11B834AC43}.Release|Any CPU.Build.0 = Release|Any CPU
		{BCB2E376-E9CC-4540-92E1-1CEE36AD3D93}.Debug|Any CPU.ActiveCfg = Debug|Any CPU
		{BCB2E376-E9CC-4540-92E1-1CEE36AD3D93}.Debug|Any CPU.Build.0 = Debug|Any CPU
		{BCB2E376-E9CC-4540-92E1-1CEE36AD3D93}.Release|Any CPU.ActiveCfg = Release|Any CPU
		{BCB2E376-E9CC-4540-92E1-1CEE36AD3D93}.Release|Any CPU.Build.0 = Release|Any CPU
		{53BD98C2-FD74-4145-84D2-4370B0DDAC54}.Debug|Any CPU.ActiveCfg = Debug|Any CPU
		{53BD98C2-FD74-4145-84D2-4370B0DDAC54}.Debug|Any CPU.Build.0 = Debug|Any CPU
		{53BD98C2-FD74-4145-84D2-4370B0DDAC54}.Release|Any CPU.ActiveCfg = Release|Any CPU
		{53BD98C2-FD74-4145-84D2-4370B0DDAC54}.Release|Any CPU.Build.0 = Release|Any CPU
		{ED537E2D-5ABA-48AE-8330-3534DE419E5B}.Debug|Any CPU.ActiveCfg = Debug|Any CPU
		{ED537E2D-5ABA-48AE-8330-3534DE419E5B}.Debug|Any CPU.Build.0 = Debug|Any CPU
		{ED537E2D-5ABA-48AE-8330-3534DE419E5B}.Release|Any CPU.ActiveCfg = Release|Any CPU
		{ED537E2D-5ABA-48AE-8330-3534DE419E5B}.Release|Any CPU.Build.0 = Release|Any CPU
		{5A769817-A540-4362-A3C9-DF0BA731B2D3}.Debug|Any CPU.ActiveCfg = Debug|Any CPU
		{5A769817-A540-4362-A3C9-DF0BA731B2D3}.Debug|Any CPU.Build.0 = Debug|Any CPU
		{5A769817-A540-4362-A3C9-DF0BA731B2D3}.Release|Any CPU.ActiveCfg = Release|Any CPU
		{5A769817-A540-4362-A3C9-DF0BA731B2D3}.Release|Any CPU.Build.0 = Release|Any CPU
		{0ACA481C-2258-4E8D-8B06-54030116E8A2}.Debug|Any CPU.ActiveCfg = Debug|Any CPU
		{0ACA481C-2258-4E8D-8B06-54030116E8A2}.Debug|Any CPU.Build.0 = Debug|Any CPU
		{0ACA481C-2258-4E8D-8B06-54030116E8A2}.Release|Any CPU.ActiveCfg = Release|Any CPU
		{0ACA481C-2258-4E8D-8B06-54030116E8A2}.Release|Any CPU.Build.0 = Release|Any CPU
		{0154BF47-BDAB-4C55-B014-C67A4BE09D13}.Debug|Any CPU.ActiveCfg = Debug|Any CPU
		{0154BF47-BDAB-4C55-B014-C67A4BE09D13}.Debug|Any CPU.Build.0 = Debug|Any CPU
		{0154BF47-BDAB-4C55-B014-C67A4BE09D13}.Release|Any CPU.ActiveCfg = Release|Any CPU
		{0154BF47-BDAB-4C55-B014-C67A4BE09D13}.Release|Any CPU.Build.0 = Release|Any CPU
	EndGlobalSection
	GlobalSection(SolutionProperties) = preSolution
		HideSolutionNode = FALSE
	EndGlobalSection
	GlobalSection(NestedProjects) = preSolution
		{E038DFA7-BEF0-4C71-AE2A-11AB58741C33} = {2AB58B36-D4DE-4207-8774-201F1E682B92}
		{C30EFB76-E320-4591-BDAB-AA895AD174FA} = {2AB58B36-D4DE-4207-8774-201F1E682B92}
		{722572D7-4E66-4398-8676-EB11B834AC43} = {2AB58B36-D4DE-4207-8774-201F1E682B92}
		{BCB2E376-E9CC-4540-92E1-1CEE36AD3D93} = {2AB58B36-D4DE-4207-8774-201F1E682B92}
		{53BD98C2-FD74-4145-84D2-4370B0DDAC54} = {2AB58B36-D4DE-4207-8774-201F1E682B92}
		{ED537E2D-5ABA-48AE-8330-3534DE419E5B} = {2AB58B36-D4DE-4207-8774-201F1E682B92}
		{5A769817-A540-4362-A3C9-DF0BA731B2D3} = {2AB58B36-D4DE-4207-8774-201F1E682B92}
		{0ACA481C-2258-4E8D-8B06-54030116E8A2} = {2AB58B36-D4DE-4207-8774-201F1E682B92}
		{0154BF47-BDAB-4C55-B014-C67A4BE09D13} = {2AB58B36-D4DE-4207-8774-201F1E682B92}
	EndGlobalSection
	GlobalSection(ExtensibilityGlobals) = postSolution
		SolutionGuid = {CD282343-1FB7-4644-B492-99C43CB9983C}
	EndGlobalSection
EndGlobal
